
Microsoft Visual Studio Solution File, Format Version 12.00
# Visual Studio Version 17
VisualStudioVersion = 17.4.33110.190
MinimumVisualStudioVersion = 10.0.40219.1
Project("{FAE04EC0-301F-11D3-BF4B-00C04F79EFBC}") = "CalCube", "CalCube\CalCube.csproj", "{B06FE2E7-CABD-453C-AD13-CD363B0BC33C}"
EndProject
Global
	GlobalSection(SolutionConfigurationPlatforms) = preSolution
		Debug|Any CPU = Debug|Any CPU
		Release|Any CPU = Release|Any CPU
	EndGlobalSection
	GlobalSection(ProjectConfigurationPlatforms) = postSolution
		{B06FE2E7-CABD-453C-AD13-CD363B0BC33C}.Debug|Any CPU.ActiveCfg = Debug|Any CPU
		{B06FE2E7-CABD-453C-AD13-CD363B0BC33C}.Debug|Any CPU.Build.0 = Debug|Any CPU
		{B06FE2E7-CABD-453C-AD13-CD363B0BC33C}.Release|Any CPU.ActiveCfg = Release|Any CPU
		{B06FE2E7-CABD-453C-AD13-CD363B0BC33C}.Release|Any CPU.Build.0 = Release|Any CPU
	EndGlobalSection
	GlobalSection(SolutionProperties) = preSolution
		HideSolutionNode = FALSE
	EndGlobalSection
	GlobalSection(ExtensibilityGlobals) = postSolution
		SolutionGuid = {4A40333E-6E63-4CF5-BCBA-EA59968C1937}
	EndGlobalSection
EndGlobal
